
Microsoft Visual Studio Solution File, Format Version 12.00
# Visual Studio Version 16
VisualStudioVersion = 16.0.31129.286
MinimumVisualStudioVersion = 10.0.40219.1
Project("{FAE04EC0-301F-11D3-BF4B-00C04F79EFBC}") = "ProductsFinder", "ProductsFinder\ProductsFinder.csproj", "{0D79821E-120C-44DF-B770-2E5869D4F078}"
EndProject
Global
	GlobalSection(SolutionConfigurationPlatforms) = preSolution
		Debug|Any CPU = Debug|Any CPU
		Release|Any CPU = Release|Any CPU
	EndGlobalSection
	GlobalSection(ProjectConfigurationPlatforms) = postSolution
		{0D79821E-120C-44DF-B770-2E5869D4F078}.Debug|Any CPU.ActiveCfg = Debug|Any CPU
		{0D79821E-120C-44DF-B770-2E5869D4F078}.Debug|Any CPU.Build.0 = Debug|Any CPU
		{0D79821E-120C-44DF-B770-2E5869D4F078}.Release|Any CPU.ActiveCfg = Release|Any CPU
		{0D79821E-120C-44DF-B770-2E5869D4F078}.Release|Any CPU.Build.0 = Release|Any CPU
	EndGlobalSection
	GlobalSection(SolutionProperties) = preSolution
		HideSolutionNode = FALSE
	EndGlobalSection
	GlobalSection(ExtensibilityGlobals) = postSolution
		SolutionGuid = {6C34A26E-EB22-4002-BD86-D2E2472FB1E0}
	EndGlobalSection
EndGlobal
